
Microsoft Visual Studio Solution File, Format Version 12.00
# Visual Studio Version 16
VisualStudioVersion = 16.0.32228.343
MinimumVisualStudioVersion = 10.0.40219.1
Project("{FAE04EC0-301F-11D3-BF4B-00C04F79EFBC}") = "BLL", "BLL\BLL.csproj", "{2136D5BD-8E6A-4D6E-B59D-5D92DF0A52E0}"
	ProjectSection(ProjectDependencies) = postProject
		{F429A9CF-292F-4907-AF7D-EED098F7C68C} = {F429A9CF-292F-4907-AF7D-EED098F7C68C}
	EndProjectSection
EndProject
Project("{FAE04EC0-301F-11D3-BF4B-00C04F79EFBC}") = "DAL", "DAL\DAL.csproj", "{F429A9CF-292F-4907-AF7D-EED098F7C68C}"
EndProject
Project("{FAE04EC0-301F-11D3-BF4B-00C04F79EFBC}") = "UI", "UI\UI.csproj", "{9EAC6277-253E-4580-AB9E-C87B8500049E}"
EndProject
Global
	GlobalSection(SolutionConfigurationPlatforms) = preSolution
		Debug|Any CPU = Debug|Any CPU
		Release|Any CPU = Release|Any CPU
	EndGlobalSection
	GlobalSection(ProjectConfigurationPlatforms) = postSolution
		{2136D5BD-8E6A-4D6E-B59D-5D92DF0A52E0}.Debug|Any CPU.ActiveCfg = Debug|Any CPU
		{2136D5BD-8E6A-4D6E-B59D-5D92DF0A52E0}.Debug|Any CPU.Build.0 = Debug|Any CPU
		{2136D5BD-8E6A-4D6E-B59D-5D92DF0A52E0}.Release|Any CPU.ActiveCfg = Release|Any CPU
		{2136D5BD-8E6A-4D6E-B59D-5D92DF0A52E0}.Release|Any CPU.Build.0 = Release|Any CPU
		{F429A9CF-292F-4907-AF7D-EED098F7C68C}.Debug|Any CPU.ActiveCfg = Debug|Any CPU
		{F429A9CF-292F-4907-AF7D-EED098F7C68C}.Debug|Any CPU.Build.0 = Debug|Any CPU
		{F429A9CF-292F-4907-AF7D-EED098F7C68C}.Release|Any CPU.ActiveCfg = Release|Any CPU
		{F429A9CF-292F-4907-AF7D-EED098F7C68C}.Release|Any CPU.Build.0 = Release|Any CPU
		{9EAC6277-253E-4580-AB9E-C87B8500049E}.Debug|Any CPU.ActiveCfg = Debug|Any CPU
		{9EAC6277-253E-4580-AB9E-C87B8500049E}.Debug|Any CPU.Build.0 = Debug|Any CPU
		{9EAC6277-253E-4580-AB9E-C87B8500049E}.Release|Any CPU.ActiveCfg = Release|Any CPU
		{9EAC6277-253E-4580-AB9E-C87B8500049E}.Release|Any CPU.Build.0 = Release|Any CPU
	EndGlobalSection
	GlobalSection(SolutionProperties) = preSolution
		HideSolutionNode = FALSE
	EndGlobalSection
	GlobalSection(ExtensibilityGlobals) = postSolution
		SolutionGuid = {929234AC-E7D4-4110-8283-1172BE42659A}
	EndGlobalSection
EndGlobal
